
Microsoft Visual Studio Solution File, Format Version 12.00
# Visual Studio Version 17
VisualStudioVersion = 17.14.36301.6
MinimumVisualStudioVersion = 10.0.40219.1
Project("{FAE04EC0-301F-11D3-BF4B-00C04F79EFBC}") = "HangFireServer", "HangFireServer\HangFireServer.csproj", "{E9173C71-FA18-45E1-9101-114EA53647D3}"
EndProject
Project("{FAE04EC0-301F-11D3-BF4B-00C04F79EFBC}") = "HangFireServer.Tests", "HangFireServer.Tests\HangFireServer.Tests.csproj", "{84A3040B-C852-4770-8389-092CAF6768D4}"
EndProject
Global
	GlobalSection(SolutionConfigurationPlatforms) = preSolution
		Debug|Any CPU = Debug|Any CPU
		Debug|x64 = Debug|x64
		Debug|x86 = Debug|x86
		Release|Any CPU = Release|Any CPU
		Release|x64 = Release|x64
		Release|x86 = Release|x86
	EndGlobalSection
	GlobalSection(ProjectConfigurationPlatforms) = postSolution
		{E9173C71-FA18-45E1-9101-114EA53647D3}.Debug|Any CPU.ActiveCfg = Debug|Any CPU
		{E9173C71-FA18-45E1-9101-114EA53647D3}.Debug|Any CPU.Build.0 = Debug|Any CPU
		{E9173C71-FA18-45E1-9101-114EA53647D3}.Debug|x64.ActiveCfg = Debug|Any CPU
		{E9173C71-FA18-45E1-9101-114EA53647D3}.Debug|x64.Build.0 = Debug|Any CPU
		{E9173C71-FA18-45E1-9101-114EA53647D3}.Debug|x86.ActiveCfg = Debug|Any CPU
		{E9173C71-FA18-45E1-9101-114EA53647D3}.Debug|x86.Build.0 = Debug|Any CPU
		{E9173C71-FA18-45E1-9101-114EA53647D3}.Release|Any CPU.ActiveCfg = Release|Any CPU
		{E9173C71-FA18-45E1-9101-114EA53647D3}.Release|Any CPU.Build.0 = Release|Any CPU
		{E9173C71-FA18-45E1-9101-114EA53647D3}.Release|x64.ActiveCfg = Release|Any CPU
		{E9173C71-FA18-45E1-9101-114EA53647D3}.Release|x64.Build.0 = Release|Any CPU
		{E9173C71-FA18-45E1-9101-114EA53647D3}.Release|x86.ActiveCfg = Release|Any CPU
		{E9173C71-FA18-45E1-9101-114EA53647D3}.Release|x86.Build.0 = Release|Any CPU
		{84A3040B-C852-4770-8389-092CAF6768D4}.Debug|Any CPU.ActiveCfg = Debug|Any CPU
		{84A3040B-C852-4770-8389-092CAF6768D4}.Debug|Any CPU.Build.0 = Debug|Any CPU
		{84A3040B-C852-4770-8389-092CAF6768D4}.Debug|x64.ActiveCfg = Debug|Any CPU
		{84A3040B-C852-4770-8389-092CAF6768D4}.Debug|x64.Build.0 = Debug|Any CPU
		{84A3040B-C852-4770-8389-092CAF6768D4}.Debug|x86.ActiveCfg = Debug|Any CPU
		{84A3040B-C852-4770-8389-092CAF6768D4}.Debug|x86.Build.0 = Debug|Any CPU
		{84A3040B-C852-4770-8389-092CAF6768D4}.Release|Any CPU.ActiveCfg = Release|Any CPU
		{84A3040B-C852-4770-8389-092CAF6768D4}.Release|Any CPU.Build.0 = Release|Any CPU
		{84A3040B-C852-4770-8389-092CAF6768D4}.Release|x64.ActiveCfg = Release|Any CPU
		{84A3040B-C852-4770-8389-092CAF6768D4}.Release|x64.Build.0 = Release|Any CPU
		{84A3040B-C852-4770-8389-092CAF6768D4}.Release|x86.ActiveCfg = Release|Any CPU
		{84A3040B-C852-4770-8389-092CAF6768D4}.Release|x86.Build.0 = Release|Any CPU
	EndGlobalSection
	GlobalSection(SolutionProperties) = preSolution
		HideSolutionNode = FALSE
	EndGlobalSection
	GlobalSection(ExtensibilityGlobals) = postSolution
		SolutionGuid = {923E40E7-8882-4BB7-A1F1-2FA26D64295A}
	EndGlobalSection
EndGlobal
